
Microsoft Visual Studio Solution File, Format Version 12.00
# Visual Studio 2012
Project("{FAE04EC0-301F-11D3-BF4B-00C04F79EFBC}") = "MvcAngular", "MvcAngular\MvcAngular.csproj", "{B4A7F739-06FF-4C35-94D4-17A171F72B7F}"
EndProject
Project("{FAE04EC0-301F-11D3-BF4B-00C04F79EFBC}") = "MvcAngular.Domain", "MvcAngular.Domain\MvcAngular.Domain.csproj", "{1B9AD669-05DA-48E2-B17B-5263F6AE33FC}"
EndProject
Project("{FAE04EC0-301F-11D3-BF4B-00C04F79EFBC}") = "MvcAngular.ConsoleApp", "MvcAngular.ConsoleApp\MvcAngular.ConsoleApp.csproj", "{F539E13A-88AA-4EED-8FC0-71FB511376BC}"
EndProject
Project("{FAE04EC0-301F-11D3-BF4B-00C04F79EFBC}") = "MvcAngular.JiraTest.ConsoleApp", "MvcAngular.JiraTest.ConsoleApp\MvcAngular.JiraTest.ConsoleApp.csproj", "{7D8DE30B-BDE1-4A6F-B502-FFF1EB393909}"
EndProject
Global
	GlobalSection(SolutionConfigurationPlatforms) = preSolution
		Debug|Any CPU = Debug|Any CPU
		Release|Any CPU = Release|Any CPU
	EndGlobalSection
	GlobalSection(ProjectConfigurationPlatforms) = postSolution
		{B4A7F739-06FF-4C35-94D4-17A171F72B7F}.Debug|Any CPU.ActiveCfg = Debug|Any CPU
		{B4A7F739-06FF-4C35-94D4-17A171F72B7F}.Debug|Any CPU.Build.0 = Debug|Any CPU
		{B4A7F739-06FF-4C35-94D4-17A171F72B7F}.Release|Any CPU.ActiveCfg = Release|Any CPU
		{B4A7F739-06FF-4C35-94D4-17A171F72B7F}.Release|Any CPU.Build.0 = Release|Any CPU
		{1B9AD669-05DA-48E2-B17B-5263F6AE33FC}.Debug|Any CPU.ActiveCfg = Debug|Any CPU
		{1B9AD669-05DA-48E2-B17B-5263F6AE33FC}.Debug|Any CPU.Build.0 = Debug|Any CPU
		{1B9AD669-05DA-48E2-B17B-5263F6AE33FC}.Release|Any CPU.ActiveCfg = Release|Any CPU
		{1B9AD669-05DA-48E2-B17B-5263F6AE33FC}.Release|Any CPU.Build.0 = Release|Any CPU
		{F539E13A-88AA-4EED-8FC0-71FB511376BC}.Debug|Any CPU.ActiveCfg = Debug|Any CPU
		{F539E13A-88AA-4EED-8FC0-71FB511376BC}.Debug|Any CPU.Build.0 = Debug|Any CPU
		{F539E13A-88AA-4EED-8FC0-71FB511376BC}.Release|Any CPU.ActiveCfg = Release|Any CPU
		{F539E13A-88AA-4EED-8FC0-71FB511376BC}.Release|Any CPU.Build.0 = Release|Any CPU
		{7D8DE30B-BDE1-4A6F-B502-FFF1EB393909}.Debug|Any CPU.ActiveCfg = Debug|Any CPU
		{7D8DE30B-BDE1-4A6F-B502-FFF1EB393909}.Debug|Any CPU.Build.0 = Debug|Any CPU
		{7D8DE30B-BDE1-4A6F-B502-FFF1EB393909}.Release|Any CPU.ActiveCfg = Release|Any CPU
		{7D8DE30B-BDE1-4A6F-B502-FFF1EB393909}.Release|Any CPU.Build.0 = Release|Any CPU
	EndGlobalSection
	GlobalSection(SolutionProperties) = preSolution
		HideSolutionNode = FALSE
	EndGlobalSection
EndGlobal
